
Microsoft Visual Studio Solution File, Format Version 12.00
# Visual Studio Version 17
VisualStudioVersion = 17.4.33122.133
MinimumVisualStudioVersion = 10.0.40219.1
Project("{FAE04EC0-301F-11D3-BF4B-00C04F79EFBC}") = "api", "api\api.csproj", "{130DA3BD-BABA-4B5F-AFF6-52B37880332C}"
EndProject
Global
	GlobalSection(SolutionConfigurationPlatforms) = preSolution
		Debug|Any CPU = Debug|Any CPU
		Release|Any CPU = Release|Any CPU
	EndGlobalSection
	GlobalSection(ProjectConfigurationPlatforms) = postSolution
		{130DA3BD-BABA-4B5F-AFF6-52B37880332C}.Debug|Any CPU.ActiveCfg = Debug|Any CPU
		{130DA3BD-BABA-4B5F-AFF6-52B37880332C}.Debug|Any CPU.Build.0 = Debug|Any CPU
		{130DA3BD-BABA-4B5F-AFF6-52B37880332C}.Release|Any CPU.ActiveCfg = Release|Any CPU
		{130DA3BD-BABA-4B5F-AFF6-52B37880332C}.Release|Any CPU.Build.0 = Release|Any CPU
	EndGlobalSection
	GlobalSection(SolutionProperties) = preSolution
		HideSolutionNode = FALSE
	EndGlobalSection
	GlobalSection(ExtensibilityGlobals) = postSolution
		SolutionGuid = {A0FAF33E-D5FD-4B3C-A5A1-069B26B3BF5D}
	EndGlobalSection
EndGlobal
